
Microsoft Visual Studio Solution File, Format Version 12.00
# Visual Studio Version 17
VisualStudioVersion = 17.9.34902.65
MinimumVisualStudioVersion = 10.0.40219.1
Project("{FAE04EC0-301F-11D3-BF4B-00C04F79EFBC}") = "kupcova", "kupcova\kupcova.csproj", "{4217C68C-2328-4FEF-BF14-06FC423DD9F3}"
EndProject
Global
	GlobalSection(SolutionConfigurationPlatforms) = preSolution
		Debug|Any CPU = Debug|Any CPU
		Release|Any CPU = Release|Any CPU
	EndGlobalSection
	GlobalSection(ProjectConfigurationPlatforms) = postSolution
		{4217C68C-2328-4FEF-BF14-06FC423DD9F3}.Debug|Any CPU.ActiveCfg = Debug|Any CPU
		{4217C68C-2328-4FEF-BF14-06FC423DD9F3}.Debug|Any CPU.Build.0 = Debug|Any CPU
		{4217C68C-2328-4FEF-BF14-06FC423DD9F3}.Release|Any CPU.ActiveCfg = Release|Any CPU
		{4217C68C-2328-4FEF-BF14-06FC423DD9F3}.Release|Any CPU.Build.0 = Release|Any CPU
	EndGlobalSection
	GlobalSection(SolutionProperties) = preSolution
		HideSolutionNode = FALSE
	EndGlobalSection
	GlobalSection(ExtensibilityGlobals) = postSolution
		SolutionGuid = {0718D0C4-2E43-47EC-A8CC-64162766114A}
	EndGlobalSection
EndGlobal
